
Microsoft Visual Studio Solution File, Format Version 12.00
# Visual Studio Version 17
VisualStudioVersion = 17.5.002.0
MinimumVisualStudioVersion = 10.0.40219.1
Project("{2150E333-8FDC-42A3-9474-1A3956D46DE8}") = "csharp-prep", "csharp-prep", "{0B9EB42C-0C98-4CFB-B340-ED65B507CC4A}"
EndProject
Project("{9A19103F-16F7-4668-BE54-9A1E7A4F7556}") = "Prep1", "csharp-prep\Prep1\Prep1.csproj", "{5971FA24-CC6C-41D4-98F4-C5698D67C34B}"
EndProject
Project("{9A19103F-16F7-4668-BE54-9A1E7A4F7556}") = "Prep2", "csharp-prep\Prep2\Prep2.csproj", "{0C690843-58FA-4836-A213-3918883E3CA9}"
EndProject
Project("{9A19103F-16F7-4668-BE54-9A1E7A4F7556}") = "Prep3", "csharp-prep\Prep3\Prep3.csproj", "{01DB7114-A610-46A6-A29D-AA1DEA4BB00D}"
EndProject
Project("{9A19103F-16F7-4668-BE54-9A1E7A4F7556}") = "Prep4", "csharp-prep\Prep4\Prep4.csproj", "{4DDD169F-BE69-4DE3-93E8-3A35356AFB08}"
EndProject
Project("{9A19103F-16F7-4668-BE54-9A1E7A4F7556}") = "Prep5", "csharp-prep\Prep5\Prep5.csproj", "{A040118F-5B66-4615-9D91-0F20405E2BCA}"
EndProject
Project("{2150E333-8FDC-42A3-9474-1A3956D46DE8}") = "final", "final", "{829C2E56-8D45-4A3D-9F24-0E49D29A065F}"
EndProject
Project("{9A19103F-16F7-4668-BE54-9A1E7A4F7556}") = "FinalProject", "final\FinalProject\FinalProject.csproj", "{A6E2106E-9095-4CDC-8661-CE885F349223}"
EndProject
Project("{9A19103F-16F7-4668-BE54-9A1E7A4F7556}") = "Foundation1", "final\Foundation1\Foundation1.csproj", "{7A7BA7CF-64DA-479B-97AE-DC85C583B1E7}"
EndProject
Project("{9A19103F-16F7-4668-BE54-9A1E7A4F7556}") = "Foundation2", "final\Foundation2\Foundation2.csproj", "{368DD437-9F58-4B98-88DD-AB2699EF8835}"
EndProject
Project("{9A19103F-16F7-4668-BE54-9A1E7A4F7556}") = "Foundation3", "final\Foundation3\Foundation3.csproj", "{80F0C446-D69B-43C3-9154-83BD09129FA6}"
EndProject
Project("{9A19103F-16F7-4668-BE54-9A1E7A4F7556}") = "Foundation4", "final\Foundation4\Foundation4.csproj", "{05D9530C-6692-4AD1-9253-944315CA18FB}"
EndProject
Project("{2150E333-8FDC-42A3-9474-1A3956D46DE8}") = "prepare", "prepare", "{6BB9775F-6B77-46CD-83B4-217C8DE782FC}"
EndProject
Project("{9A19103F-16F7-4668-BE54-9A1E7A4F7556}") = "Learning02", "prepare\Learning02\Learning02.csproj", "{7E45D739-0B1A-4048-9AA4-53C355AACED0}"
EndProject
Project("{9A19103F-16F7-4668-BE54-9A1E7A4F7556}") = "Learning03", "prepare\Learning03\Learning03.csproj", "{D83BADA0-CE77-4729-A439-91FACDCF0A90}"
EndProject
Project("{9A19103F-16F7-4668-BE54-9A1E7A4F7556}") = "Learning04", "prepare\Learning04\Learning04.csproj", "{917AA024-AD70-4217-BE22-29E65673BBD1}"
EndProject
Project("{9A19103F-16F7-4668-BE54-9A1E7A4F7556}") = "Learning05", "prepare\Learning05\Learning05.csproj", "{6C6CF756-0E8D-474D-99BC-D57E760A6909}"
EndProject
Project("{2150E333-8FDC-42A3-9474-1A3956D46DE8}") = "prove", "prove", "{9A9D5331-1574-49A8-86D1-F0527B00BD2D}"
EndProject
Project("{9A19103F-16F7-4668-BE54-9A1E7A4F7556}") = "Develop02", "prove\Develop02\Develop02.csproj", "{2F085064-C4D9-4C96-8EE3-59193781EF37}"
EndProject
Project("{9A19103F-16F7-4668-BE54-9A1E7A4F7556}") = "Develop03", "prove\Develop03\Develop03.csproj", "{9692D6AC-7EB7-41EF-AF05-BCDE953F6D13}"
EndProject
Project("{9A19103F-16F7-4668-BE54-9A1E7A4F7556}") = "Develop04", "prove\Develop04\Develop04.csproj", "{7FCC8251-D274-47F2-95B0-BC466454D9CB}"
EndProject
Project("{9A19103F-16F7-4668-BE54-9A1E7A4F7556}") = "Develop05", "prove\Develop05\Develop05.csproj", "{FEEE6D18-CEB2-46ED-A45E-6C60F8142A79}"
EndProject
Project("{2150E333-8FDC-42A3-9474-1A3956D46DE8}") = "sandbox", "sandbox", "{072A6263-6F19-460D-A255-4455F5384C20}"
EndProject
Project("{9A19103F-16F7-4668-BE54-9A1E7A4F7556}") = "Sandbox", "sandbox\Sandbox\Sandbox.csproj", "{E4D3B190-DA5C-41FE-931C-590699156803}"
EndProject
Global
	GlobalSection(SolutionConfigurationPlatforms) = preSolution
		Debug|Any CPU = Debug|Any CPU
		Release|Any CPU = Release|Any CPU
	EndGlobalSection
	GlobalSection(ProjectConfigurationPlatforms) = postSolution
		{5971FA24-CC6C-41D4-98F4-C5698D67C34B}.Debug|Any CPU.ActiveCfg = Debug|Any CPU
		{5971FA24-CC6C-41D4-98F4-C5698D67C34B}.Debug|Any CPU.Build.0 = Debug|Any CPU
		{5971FA24-CC6C-41D4-98F4-C5698D67C34B}.Release|Any CPU.ActiveCfg = Release|Any CPU
		{5971FA24-CC6C-41D4-98F4-C5698D67C34B}.Release|Any CPU.Build.0 = Release|Any CPU
		{0C690843-58FA-4836-A213-3918883E3CA9}.Debug|Any CPU.ActiveCfg = Debug|Any CPU
		{0C690843-58FA-4836-A213-3918883E3CA9}.Debug|Any CPU.Build.0 = Debug|Any CPU
		{0C690843-58FA-4836-A213-3918883E3CA9}.Release|Any CPU.ActiveCfg = Release|Any CPU
		{0C690843-58FA-4836-A213-3918883E3CA9}.Release|Any CPU.Build.0 = Release|Any CPU
		{01DB7114-A610-46A6-A29D-AA1DEA4BB00D}.Debug|Any CPU.ActiveCfg = Debug|Any CPU
		{01DB7114-A610-46A6-A29D-AA1DEA4BB00D}.Debug|Any CPU.Build.0 = Debug|Any CPU
		{01DB7114-A610-46A6-A29D-AA1DEA4BB00D}.Release|Any CPU.ActiveCfg = Release|Any CPU
		{01DB7114-A610-46A6-A29D-AA1DEA4BB00D}.Release|Any CPU.Build.0 = Release|Any CPU
		{4DDD169F-BE69-4DE3-93E8-3A35356AFB08}.Debug|Any CPU.ActiveCfg = Debug|Any CPU
		{4DDD169F-BE69-4DE3-93E8-3A35356AFB08}.Debug|Any CPU.Build.0 = Debug|Any CPU
		{4DDD169F-BE69-4DE3-93E8-3A35356AFB08}.Release|Any CPU.ActiveCfg = Release|Any CPU
		{4DDD169F-BE69-4DE3-93E8-3A35356AFB08}.Release|Any CPU.Build.0 = Release|Any CPU
		{A040118F-5B66-4615-9D91-0F20405E2BCA}.Debug|Any CPU.ActiveCfg = Debug|Any CPU
		{A040118F-5B66-4615-9D91-0F20405E2BCA}.Debug|Any CPU.Build.0 = Debug|Any CPU
		{A040118F-5B66-4615-9D91-0F20405E2BCA}.Release|Any CPU.ActiveCfg = Release|Any CPU
		{A040118F-5B66-4615-9D91-0F20405E2BCA}.Release|Any CPU.Build.0 = Release|Any CPU
		{A6E2106E-9095-4CDC-8661-CE885F349223}.Debug|Any CPU.ActiveCfg = Debug|Any CPU
		{A6E2106E-9095-4CDC-8661-CE885F349223}.Debug|Any CPU.Build.0 = Debug|Any CPU
		{A6E2106E-9095-4CDC-8661-CE885F349223}.Release|Any CPU.ActiveCfg = Release|Any CPU
		{A6E2106E-9095-4CDC-8661-CE885F349223}.Release|Any CPU.Build.0 = Release|Any CPU
		{7A7BA7CF-64DA-479B-97AE-DC85C583B1E7}.Debug|Any CPU.ActiveCfg = Debug|Any CPU
		{7A7BA7CF-64DA-479B-97AE-DC85C583B1E7}.Debug|Any CPU.Build.0 = Debug|Any CPU
		{7A7BA7CF-64DA-479B-97AE-DC85C583B1E7}.Release|Any CPU.ActiveCfg = Release|Any CPU
		{7A7BA7CF-64DA-479B-97AE-DC85C583B1E7}.Release|Any CPU.Build.0 = Release|Any CPU
		{368DD437-9F58-4B98-88DD-AB2699EF8835}.Debug|Any CPU.ActiveCfg = Debug|Any CPU
		{368DD437-9F58-4B98-88DD-AB2699EF8835}.Debug|Any CPU.Build.0 = Debug|Any CPU
		{368DD437-9F58-4B98-88DD-AB2699EF8835}.Release|Any CPU.ActiveCfg = Release|Any CPU
		{368DD437-9F58-4B98-88DD-AB2699EF8835}.Release|Any CPU.Build.0 = Release|Any CPU
		{80F0C446-D69B-43C3-9154-83BD09129FA6}.Debug|Any CPU.ActiveCfg = Debug|Any CPU
		{80F0C446-D69B-43C3-9154-83BD09129FA6}.Debug|Any CPU.Build.0 = Debug|Any CPU
		{80F0C446-D69B-43C3-9154-83BD09129FA6}.Release|Any CPU.ActiveCfg = Release|Any CPU
		{80F0C446-D69B-43C3-9154-83BD09129FA6}.Release|Any CPU.Build.0 = Release|Any CPU
		{05D9530C-6692-4AD1-9253-944315CA18FB}.Debug|Any CPU.ActiveCfg = Debug|Any CPU
		{05D9530C-6692-4AD1-9253-944315CA18FB}.Debug|Any CPU.Build.0 = Debug|Any CPU
		{05D9530C-6692-4AD1-9253-944315CA18FB}.Release|Any CPU.ActiveCfg = Release|Any CPU
		{05D9530C-6692-4AD1-9253-944315CA18FB}.Release|Any CPU.Build.0 = Release|Any CPU
		{7E45D739-0B1A-4048-9AA4-53C355AACED0}.Debug|Any CPU.ActiveCfg = Debug|Any CPU
		{7E45D739-0B1A-4048-9AA4-53C355AACED0}.Debug|Any CPU.Build.0 = Debug|Any CPU
		{7E45D739-0B1A-4048-9AA4-53C355AACED0}.Release|Any CPU.ActiveCfg = Release|Any CPU
		{7E45D739-0B1A-4048-9AA4-53C355AACED0}.Release|Any CPU.Build.0 = Release|Any CPU
		{D83BADA0-CE77-4729-A439-91FACDCF0A90}.Debug|Any CPU.ActiveCfg = Debug|Any CPU
		{D83BADA0-CE77-4729-A439-91FACDCF0A90}.Debug|Any CPU.Build.0 = Debug|Any CPU
		{D83BADA0-CE77-4729-A439-91FACDCF0A90}.Release|Any CPU.ActiveCfg = Release|Any CPU
		{D83BADA0-CE77-4729-A439-91FACDCF0A90}.Release|Any CPU.Build.0 = Release|Any CPU
		{917AA024-AD70-4217-BE22-29E65673BBD1}.Debug|Any CPU.ActiveCfg = Debug|Any CPU
		{917AA024-AD70-4217-BE22-29E65673BBD1}.Debug|Any CPU.Build.0 = Debug|Any CPU
		{917AA024-AD70-4217-BE22-29E65673BBD1}.Release|Any CPU.ActiveCfg = Release|Any CPU
		{917AA024-AD70-4217-BE22-29E65673BBD1}.Release|Any CPU.Build.0 = Release|Any CPU
		{6C6CF756-0E8D-474D-99BC-D57E760A6909}.Debug|Any CPU.ActiveCfg = Debug|Any CPU
		{6C6CF756-0E8D-474D-99BC-D57E760A6909}.Debug|Any CPU.Build.0 = Debug|Any CPU
		{6C6CF756-0E8D-474D-99BC-D57E760A6909}.Release|Any CPU.ActiveCfg = Release|Any CPU
		{6C6CF756-0E8D-474D-99BC-D57E760A6909}.Release|Any CPU.Build.0 = Release|Any CPU
		{2F085064-C4D9-4C96-8EE3-59193781EF37}.Debug|Any CPU.ActiveCfg = Debug|Any CPU
		{2F085064-C4D9-4C96-8EE3-59193781EF37}.Debug|Any CPU.Build.0 = Debug|Any CPU
		{2F085064-C4D9-4C96-8EE3-59193781EF37}.Release|Any CPU.ActiveCfg = Release|Any CPU
		{2F085064-C4D9-4C96-8EE3-59193781EF37}.Release|Any CPU.Build.0 = Release|Any CPU
		{9692D6AC-7EB7-41EF-AF05-BCDE953F6D13}.Debug|Any CPU.ActiveCfg = Debug|Any CPU
		{9692D6AC-7EB7-41EF-AF05-BCDE953F6D13}.Debug|Any CPU.Build.0 = Debug|Any CPU
		{9692D6AC-7EB7-41EF-AF05-BCDE953F6D13}.Release|Any CPU.ActiveCfg = Release|Any CPU
		{9692D6AC-7EB7-41EF-AF05-BCDE953F6D13}.Release|Any CPU.Build.0 = Release|Any CPU
		{7FCC8251-D274-47F2-95B0-BC466454D9CB}.Debug|Any CPU.ActiveCfg = Debug|Any CPU
		{7FCC8251-D274-47F2-95B0-BC466454D9CB}.Debug|Any CPU.Build.0 = Debug|Any CPU
		{7FCC8251-D274-47F2-95B0-BC466454D9CB}.Release|Any CPU.ActiveCfg = Release|Any CPU
		{7FCC8251-D274-47F2-95B0-BC466454D9CB}.Release|Any CPU.Build.0 = Release|Any CPU
		{FEEE6D18-CEB2-46ED-A45E-6C60F8142A79}.Debug|Any CPU.ActiveCfg = Debug|Any CPU
		{FEEE6D18-CEB2-46ED-A45E-6C60F8142A79}.Debug|Any CPU.Build.0 = Debug|Any CPU
		{FEEE6D18-CEB2-46ED-A45E-6C60F8142A79}.Release|Any CPU.ActiveCfg = Release|Any CPU
		{FEEE6D18-CEB2-46ED-A45E-6C60F8142A79}.Release|Any CPU.Build.0 = Release|Any CPU
		{E4D3B190-DA5C-41FE-931C-590699156803}.Debug|Any CPU.ActiveCfg = Debug|Any CPU
		{E4D3B190-DA5C-41FE-931C-590699156803}.Debug|Any CPU.Build.0 = Debug|Any CPU
		{E4D3B190-DA5C-41FE-931C-590699156803}.Release|Any CPU.ActiveCfg = Release|Any CPU
		{E4D3B190-DA5C-41FE-931C-590699156803}.Release|Any CPU.Build.0 = Release|Any CPU
	EndGlobalSection
	GlobalSection(SolutionProperties) = preSolution
		HideSolutionNode = FALSE
	EndGlobalSection
	GlobalSection(NestedProjects) = preSolution
		{5971FA24-CC6C-41D4-98F4-C5698D67C34B} = {0B9EB42C-0C98-4CFB-B340-ED65B507CC4A}
		{0C690843-58FA-4836-A213-3918883E3CA9} = {0B9EB42C-0C98-4CFB-B340-ED65B507CC4A}
		{01DB7114-A610-46A6-A29D-AA1DEA4BB00D} = {0B9EB42C-0C98-4CFB-B340-ED65B507CC4A}
		{4DDD169F-BE69-4DE3-93E8-3A35356AFB08} = {0B9EB42C-0C98-4CFB-B340-ED65B507CC4A}
		{A040118F-5B66-4615-9D91-0F20405E2BCA} = {0B9EB42C-0C98-4CFB-B340-ED65B507CC4A}
		{A6E2106E-9095-4CDC-8661-CE885F349223} = {829C2E56-8D45-4A3D-9F24-0E49D29A065F}
		{7A7BA7CF-64DA-479B-97AE-DC85C583B1E7} = {829C2E56-8D45-4A3D-9F24-0E49D29A065F}
		{368DD437-9F58-4B98-88DD-AB2699EF8835} = {829C2E56-8D45-4A3D-9F24-0E49D29A065F}
		{80F0C446-D69B-43C3-9154-83BD09129FA6} = {829C2E56-8D45-4A3D-9F24-0E49D29A065F}
		{05D9530C-6692-4AD1-9253-944315CA18FB} = {829C2E56-8D45-4A3D-9F24-0E49D29A065F}
		{7E45D739-0B1A-4048-9AA4-53C355AACED0} = {6BB9775F-6B77-46CD-83B4-217C8DE782FC}
		{D83BADA0-CE77-4729-A439-91FACDCF0A90} = {6BB9775F-6B77-46CD-83B4-217C8DE782FC}
		{917AA024-AD70-4217-BE22-29E65673BBD1} = {6BB9775F-6B77-46CD-83B4-217C8DE782FC}
		{6C6CF756-0E8D-474D-99BC-D57E760A6909} = {6BB9775F-6B77-46CD-83B4-217C8DE782FC}
		{2F085064-C4D9-4C96-8EE3-59193781EF37} = {9A9D5331-1574-49A8-86D1-F0527B00BD2D}
		{9692D6AC-7EB7-41EF-AF05-BCDE953F6D13} = {9A9D5331-1574-49A8-86D1-F0527B00BD2D}
		{7FCC8251-D274-47F2-95B0-BC466454D9CB} = {9A9D5331-1574-49A8-86D1-F0527B00BD2D}
		{FEEE6D18-CEB2-46ED-A45E-6C60F8142A79} = {9A9D5331-1574-49A8-86D1-F0527B00BD2D}
		{E4D3B190-DA5C-41FE-931C-590699156803} = {072A6263-6F19-460D-A255-4455F5384C20}
	EndGlobalSection
	GlobalSection(ExtensibilityGlobals) = postSolution
		SolutionGuid = {A1472265-8605-41AA-9631-202555794067}
	EndGlobalSection
EndGlobal
